
Microsoft Visual Studio Solution File, Format Version 12.00
# Visual Studio Version 17
VisualStudioVersion = 17.9.34728.123
MinimumVisualStudioVersion = 10.0.40219.1
Project("{9A19103F-16F7-4668-BE54-9A1E7A4F7556}") = "Vista", "Vista.csproj", "{ED893336-5145-4056-A7FF-BCCC265A8809}"
EndProject
Project("{9A19103F-16F7-4668-BE54-9A1E7A4F7556}") = "Controladores", "..\Controladores\Controladores.csproj", "{982EB24E-621D-4759-8A68-D50256ADF3E0}"
EndProject
Project("{9A19103F-16F7-4668-BE54-9A1E7A4F7556}") = "Modelo", "..\Modelo\Modelo.csproj", "{41FB9893-828C-4B56-B020-8B2A4028EE50}"
EndProject
Global
	GlobalSection(SolutionConfigurationPlatforms) = preSolution
		Debug|Any CPU = Debug|Any CPU
		Release|Any CPU = Release|Any CPU
	EndGlobalSection
	GlobalSection(ProjectConfigurationPlatforms) = postSolution
		{ED893336-5145-4056-A7FF-BCCC265A8809}.Debug|Any CPU.ActiveCfg = Debug|Any CPU
		{ED893336-5145-4056-A7FF-BCCC265A8809}.Debug|Any CPU.Build.0 = Debug|Any CPU
		{ED893336-5145-4056-A7FF-BCCC265A8809}.Release|Any CPU.ActiveCfg = Release|Any CPU
		{ED893336-5145-4056-A7FF-BCCC265A8809}.Release|Any CPU.Build.0 = Release|Any CPU
		{982EB24E-621D-4759-8A68-D50256ADF3E0}.Debug|Any CPU.ActiveCfg = Debug|Any CPU
		{982EB24E-621D-4759-8A68-D50256ADF3E0}.Debug|Any CPU.Build.0 = Debug|Any CPU
		{982EB24E-621D-4759-8A68-D50256ADF3E0}.Release|Any CPU.ActiveCfg = Release|Any CPU
		{982EB24E-621D-4759-8A68-D50256ADF3E0}.Release|Any CPU.Build.0 = Release|Any CPU
		{41FB9893-828C-4B56-B020-8B2A4028EE50}.Debug|Any CPU.ActiveCfg = Debug|Any CPU
		{41FB9893-828C-4B56-B020-8B2A4028EE50}.Debug|Any CPU.Build.0 = Debug|Any CPU
		{41FB9893-828C-4B56-B020-8B2A4028EE50}.Release|Any CPU.ActiveCfg = Release|Any CPU
		{41FB9893-828C-4B56-B020-8B2A4028EE50}.Release|Any CPU.Build.0 = Release|Any CPU
	EndGlobalSection
	GlobalSection(SolutionProperties) = preSolution
		HideSolutionNode = FALSE
	EndGlobalSection
	GlobalSection(ExtensibilityGlobals) = postSolution
		SolutionGuid = {EFFE4C75-6ED8-4E7D-B840-766B72EE3015}
	EndGlobalSection
EndGlobal
